
Microsoft Visual Studio Solution File, Format Version 12.00
# Visual Studio 2013
VisualStudioVersion = 12.0.40629.0
MinimumVisualStudioVersion = 10.0.40219.1
Project("{FAE04EC0-301F-11D3-BF4B-00C04F79EFBC}") = "TesterConsole", "TesterConsole\TesterConsole.csproj", "{BFD72EAD-B6E7-4B26-B54D-D1D21DD625A6}"
EndProject
Project("{FAE04EC0-301F-11D3-BF4B-00C04F79EFBC}") = "ClassInheritance", "ClassInheritance\ClassInheritance.csproj", "{06C8129A-821C-4313-96E3-576821D4815E}"
EndProject
Project("{2150E333-8FDC-42A3-9474-1A3956D46DE8}") = "TestFields", "TestFields", "{53510C1F-F328-416F-8316-755438E51260}"
EndProject
Project("{FAE04EC0-301F-11D3-BF4B-00C04F79EFBC}") = "ConsoleManager", "ConsoleManager\ConsoleManager.csproj", "{B4535967-AAF6-4BB1-80B9-5C9772B99738}"
EndProject
Global
	GlobalSection(SolutionConfigurationPlatforms) = preSolution
		Debug|Any CPU = Debug|Any CPU
		Release|Any CPU = Release|Any CPU
	EndGlobalSection
	GlobalSection(ProjectConfigurationPlatforms) = postSolution
		{BFD72EAD-B6E7-4B26-B54D-D1D21DD625A6}.Debug|Any CPU.ActiveCfg = Debug|Any CPU
		{BFD72EAD-B6E7-4B26-B54D-D1D21DD625A6}.Debug|Any CPU.Build.0 = Debug|Any CPU
		{BFD72EAD-B6E7-4B26-B54D-D1D21DD625A6}.Release|Any CPU.ActiveCfg = Release|Any CPU
		{BFD72EAD-B6E7-4B26-B54D-D1D21DD625A6}.Release|Any CPU.Build.0 = Release|Any CPU
		{06C8129A-821C-4313-96E3-576821D4815E}.Debug|Any CPU.ActiveCfg = Debug|Any CPU
		{06C8129A-821C-4313-96E3-576821D4815E}.Debug|Any CPU.Build.0 = Debug|Any CPU
		{06C8129A-821C-4313-96E3-576821D4815E}.Release|Any CPU.ActiveCfg = Release|Any CPU
		{06C8129A-821C-4313-96E3-576821D4815E}.Release|Any CPU.Build.0 = Release|Any CPU
		{B4535967-AAF6-4BB1-80B9-5C9772B99738}.Debug|Any CPU.ActiveCfg = Debug|Any CPU
		{B4535967-AAF6-4BB1-80B9-5C9772B99738}.Debug|Any CPU.Build.0 = Debug|Any CPU
		{B4535967-AAF6-4BB1-80B9-5C9772B99738}.Release|Any CPU.ActiveCfg = Release|Any CPU
		{B4535967-AAF6-4BB1-80B9-5C9772B99738}.Release|Any CPU.Build.0 = Release|Any CPU
	EndGlobalSection
	GlobalSection(SolutionProperties) = preSolution
		HideSolutionNode = FALSE
	EndGlobalSection
	GlobalSection(NestedProjects) = preSolution
		{06C8129A-821C-4313-96E3-576821D4815E} = {53510C1F-F328-416F-8316-755438E51260}
	EndGlobalSection
EndGlobal
